
Microsoft Visual Studio Solution File, Format Version 12.00
# Visual Studio Version 16
VisualStudioVersion = 16.0.30204.135
MinimumVisualStudioVersion = 10.0.40219.1
Project("{FAE04EC0-301F-11D3-BF4B-00C04F79EFBC}") = "Amber.Music.Api", "Amber.Music.Api\Amber.Music.Api.csproj", "{46F3504B-8EDD-4634-A86C-F192E5095893}"
EndProject
Global
	GlobalSection(SolutionConfigurationPlatforms) = preSolution
		Debug|Any CPU = Debug|Any CPU
		Release|Any CPU = Release|Any CPU
	EndGlobalSection
	GlobalSection(ProjectConfigurationPlatforms) = postSolution
		{46F3504B-8EDD-4634-A86C-F192E5095893}.Debug|Any CPU.ActiveCfg = Debug|Any CPU
		{46F3504B-8EDD-4634-A86C-F192E5095893}.Debug|Any CPU.Build.0 = Debug|Any CPU
		{46F3504B-8EDD-4634-A86C-F192E5095893}.Release|Any CPU.ActiveCfg = Release|Any CPU
		{46F3504B-8EDD-4634-A86C-F192E5095893}.Release|Any CPU.Build.0 = Release|Any CPU
	EndGlobalSection
	GlobalSection(SolutionProperties) = preSolution
		HideSolutionNode = FALSE
	EndGlobalSection
	GlobalSection(ExtensibilityGlobals) = postSolution
		SolutionGuid = {987595D2-15F8-44AE-A582-17A6DCF86912}
	EndGlobalSection
EndGlobal
